
Microsoft Visual Studio Solution File, Format Version 12.00
# Visual Studio Version 17
VisualStudioVersion = 17.5.33516.290
MinimumVisualStudioVersion = 10.0.40219.1
Project("{FAE04EC0-301F-11D3-BF4B-00C04F79EFBC}") = "MvcMovie6", "MvcMovie6\MvcMovie6.csproj", "{B03E5E35-8291-4486-9FFE-DC52E2FBF0A9}"
EndProject
Global
	GlobalSection(SolutionConfigurationPlatforms) = preSolution
		Debug|Any CPU = Debug|Any CPU
		Release|Any CPU = Release|Any CPU
	EndGlobalSection
	GlobalSection(ProjectConfigurationPlatforms) = postSolution
		{B03E5E35-8291-4486-9FFE-DC52E2FBF0A9}.Debug|Any CPU.ActiveCfg = Debug|Any CPU
		{B03E5E35-8291-4486-9FFE-DC52E2FBF0A9}.Debug|Any CPU.Build.0 = Debug|Any CPU
		{B03E5E35-8291-4486-9FFE-DC52E2FBF0A9}.Release|Any CPU.ActiveCfg = Release|Any CPU
		{B03E5E35-8291-4486-9FFE-DC52E2FBF0A9}.Release|Any CPU.Build.0 = Release|Any CPU
	EndGlobalSection
	GlobalSection(SolutionProperties) = preSolution
		HideSolutionNode = FALSE
	EndGlobalSection
	GlobalSection(ExtensibilityGlobals) = postSolution
		SolutionGuid = {C60AFAB7-46D5-4971-AFCC-FE5B59E50C2D}
	EndGlobalSection
EndGlobal
